Microsoft Visual Studio Solution File, Format Version 12.00
# Visual Studio Version 17
VisualStudioVersion = 17.5.2.0
MinimumVisualStudioVersion = 10.0.40219.1
Project("{FAE04EC0-301F-11D3-BF4B-00C04F79EFBC}") = "asp-web-api", "asp-web-api.csproj", "{52C09DE7-B184-656F-0B81-57506DC38458}"
EndProject
Global
	GlobalSection(SolutionConfigurationPlatforms) = preSolution
		Debug|Any CPU = Debug|Any CPU
		Release|Any CPU = Release|Any CPU
	EndGlobalSection
	GlobalSection(ProjectConfigurationPlatforms) = postSolution
		{52C09DE7-B184-656F-0B81-57506DC38458}.Debug|Any CPU.ActiveCfg = Debug|Any CPU
		{52C09DE7-B184-656F-0B81-57506DC38458}.Debug|Any CPU.Build.0 = Debug|Any CPU
		{52C09DE7-B184-656F-0B81-57506DC38458}.Release|Any CPU.ActiveCfg = Release|Any CPU
		{52C09DE7-B184-656F-0B81-57506DC38458}.Release|Any CPU.Build.0 = Release|Any CPU
	EndGlobalSection
	GlobalSection(SolutionProperties) = preSolution
		HideSolutionNode = FALSE
	EndGlobalSection
	GlobalSection(ExtensibilityGlobals) = postSolution
		SolutionGuid = {4157F14E-FD11-4FDC-831F-F8208CE68C20}
	EndGlobalSection
EndGlobal
